
Microsoft Visual Studio Solution File, Format Version 12.00
# Visual Studio 15
VisualStudioVersion = 15.0.28307.102
MinimumVisualStudioVersion = 10.0.40219.1
Project("{FAE04EC0-301F-11D3-BF4B-00C04F79EFBC}") = "Main", "Main\Main.csproj", "{8DCFF737-D963-4CAA-9168-ED5784E282E7}"
EndProject
Global
	GlobalSection(SolutionConfigurationPlatforms) = preSolution
		Debug|Any CPU = Debug|Any CPU
		Release|Any CPU = Release|Any CPU
	EndGlobalSection
	GlobalSection(ProjectConfigurationPlatforms) = postSolution
		{8DCFF737-D963-4CAA-9168-ED5784E282E7}.Debug|Any CPU.ActiveCfg = Debug|Any CPU
		{8DCFF737-D963-4CAA-9168-ED5784E282E7}.Debug|Any CPU.Build.0 = Debug|Any CPU
		{8DCFF737-D963-4CAA-9168-ED5784E282E7}.Release|Any CPU.ActiveCfg = Release|Any CPU
		{8DCFF737-D963-4CAA-9168-ED5784E282E7}.Release|Any CPU.Build.0 = Release|Any CPU
	EndGlobalSection
	GlobalSection(SolutionProperties) = preSolution
		HideSolutionNode = FALSE
	EndGlobalSection
	GlobalSection(ExtensibilityGlobals) = postSolution
		SolutionGuid = {450C9E6E-106E-468B-ACA4-8F3DEB233873}
	EndGlobalSection
EndGlobal
